
Microsoft Visual Studio Solution File, Format Version 12.00
# Visual Studio Version 16
VisualStudioVersion = 16.0.32228.343
MinimumVisualStudioVersion = 10.0.40219.1
Project("{FAE04EC0-301F-11D3-BF4B-00C04F79EFBC}") = "Đồ án II", "Đồ án II\Đồ án II.csproj", "{B2C6439F-0AB8-4441-B5F2-4FA8E2C45ED2}"
EndProject
Global
	GlobalSection(SolutionConfigurationPlatforms) = preSolution
		Debug|Any CPU = Debug|Any CPU
		Release|Any CPU = Release|Any CPU
	EndGlobalSection
	GlobalSection(ProjectConfigurationPlatforms) = postSolution
		{B2C6439F-0AB8-4441-B5F2-4FA8E2C45ED2}.Debug|Any CPU.ActiveCfg = Debug|Any CPU
		{B2C6439F-0AB8-4441-B5F2-4FA8E2C45ED2}.Debug|Any CPU.Build.0 = Debug|Any CPU
		{B2C6439F-0AB8-4441-B5F2-4FA8E2C45ED2}.Release|Any CPU.ActiveCfg = Release|Any CPU
		{B2C6439F-0AB8-4441-B5F2-4FA8E2C45ED2}.Release|Any CPU.Build.0 = Release|Any CPU
	EndGlobalSection
	GlobalSection(SolutionProperties) = preSolution
		HideSolutionNode = FALSE
	EndGlobalSection
	GlobalSection(ExtensibilityGlobals) = postSolution
		SolutionGuid = {FB3C5A2E-15C1-46AF-9BE9-DAFEA3AE6FB8}
	EndGlobalSection
EndGlobal
